{
  "name": "webservice",
  "lockfileVersion": 3,
  "requires": true,
  "packages": {
    "": {
      "devDependencies": {
        "@types/shortid": "^0.0.29"
      }
    },
    "node_modules/@types/shortid": {
      "version": "0.0.29",
      "resolved": "https://registry.npmjs.org/@types/shortid/-/shortid-0.0.29.tgz",
      "integrity": "sha512-9BCYD9btg2CY4kPcpMQ+vCR8U6V8f/KvixYD5ZbxoWlkhddNF5IeZMVL3p+QFUkg+Hb+kPAG9Jgk4bnnF1v/Fw==",
      "dev": true
    }
  }
}
